
Microsoft Visual Studio Solution File, Format Version 12.00
# Visual Studio Version 17
VisualStudioVersion = 17.6.33829.357
MinimumVisualStudioVersion = 10.0.40219.1
Project("{FAE04EC0-301F-11D3-BF4B-00C04F79EFBC}") = "Presentation", "Presentation\Presentation.csproj", "{EC628BE8-09FC-4AA0-A715-BDAE9B2BAF52}"
EndProject
Project("{FAE04EC0-301F-11D3-BF4B-00C04F79EFBC}") = "Domain", "Domain\Domain.csproj", "{AAB9E458-28BD-489B-AEA9-4211A4E26031}"
EndProject
Project("{FAE04EC0-301F-11D3-BF4B-00C04F79EFBC}") = "DataAccess", "DataAccess\DataAccess.csproj", "{00039ACE-A4A9-4287-99DE-93D02E6CB7D4}"
EndProject
Global
	GlobalSection(SolutionConfigurationPlatforms) = preSolution
		Debug|Any CPU = Debug|Any CPU
		Release|Any CPU = Release|Any CPU
	EndGlobalSection
	GlobalSection(ProjectConfigurationPlatforms) = postSolution
		{EC628BE8-09FC-4AA0-A715-BDAE9B2BAF52}.Debug|Any CPU.ActiveCfg = Debug|Any CPU
		{EC628BE8-09FC-4AA0-A715-BDAE9B2BAF52}.Debug|Any CPU.Build.0 = Debug|Any CPU
		{EC628BE8-09FC-4AA0-A715-BDAE9B2BAF52}.Release|Any CPU.ActiveCfg = Release|Any CPU
		{EC628BE8-09FC-4AA0-A715-BDAE9B2BAF52}.Release|Any CPU.Build.0 = Release|Any CPU
		{AAB9E458-28BD-489B-AEA9-4211A4E26031}.Debug|Any CPU.ActiveCfg = Debug|Any CPU
		{AAB9E458-28BD-489B-AEA9-4211A4E26031}.Debug|Any CPU.Build.0 = Debug|Any CPU
		{AAB9E458-28BD-489B-AEA9-4211A4E26031}.Release|Any CPU.ActiveCfg = Release|Any CPU
		{AAB9E458-28BD-489B-AEA9-4211A4E26031}.Release|Any CPU.Build.0 = Release|Any CPU
		{00039ACE-A4A9-4287-99DE-93D02E6CB7D4}.Debug|Any CPU.ActiveCfg = Debug|Any CPU
		{00039ACE-A4A9-4287-99DE-93D02E6CB7D4}.Debug|Any CPU.Build.0 = Debug|Any CPU
		{00039ACE-A4A9-4287-99DE-93D02E6CB7D4}.Release|Any CPU.ActiveCfg = Release|Any CPU
		{00039ACE-A4A9-4287-99DE-93D02E6CB7D4}.Release|Any CPU.Build.0 = Release|Any CPU
	EndGlobalSection
	GlobalSection(SolutionProperties) = preSolution
		HideSolutionNode = FALSE
	EndGlobalSection
	GlobalSection(ExtensibilityGlobals) = postSolution
		SolutionGuid = {D9B648AF-5745-437E-B336-A6C02182D8D6}
	EndGlobalSection
EndGlobal
